
Microsoft Visual Studio Solution File, Format Version 12.00
# Visual Studio 15
VisualStudioVersion = 15.0.28010.2041
MinimumVisualStudioVersion = 10.0.40219.1
Project("{9A19103F-16F7-4668-BE54-9A1E7A4F7556}") = "WebTestSuite", "WebTestSuite\WebTestSuite.csproj", "{93EACF86-AB7F-433C-A9C7-727AA0729F33}"
EndProject
Project("{FAE04EC0-301F-11D3-BF4B-00C04F79EFBC}") = "WebTestSuite.Test", "WebTestSuite.Test\WebTestSuite.Test.csproj", "{2F0DFABF-CD8B-43FD-8B3A-D7FC93DDDB46}"
EndProject
Global
	GlobalSection(SolutionConfigurationPlatforms) = preSolution
		Debug|Any CPU = Debug|Any CPU
		Release|Any CPU = Release|Any CPU
	EndGlobalSection
	GlobalSection(ProjectConfigurationPlatforms) = postSolution
		{93EACF86-AB7F-433C-A9C7-727AA0729F33}.Debug|Any CPU.ActiveCfg = Debug|Any CPU
		{93EACF86-AB7F-433C-A9C7-727AA0729F33}.Debug|Any CPU.Build.0 = Debug|Any CPU
		{93EACF86-AB7F-433C-A9C7-727AA0729F33}.Release|Any CPU.ActiveCfg = Release|Any CPU
		{93EACF86-AB7F-433C-A9C7-727AA0729F33}.Release|Any CPU.Build.0 = Release|Any CPU
		{2F0DFABF-CD8B-43FD-8B3A-D7FC93DDDB46}.Debug|Any CPU.ActiveCfg = Debug|Any CPU
		{2F0DFABF-CD8B-43FD-8B3A-D7FC93DDDB46}.Debug|Any CPU.Build.0 = Debug|Any CPU
		{2F0DFABF-CD8B-43FD-8B3A-D7FC93DDDB46}.Release|Any CPU.ActiveCfg = Release|Any CPU
		{2F0DFABF-CD8B-43FD-8B3A-D7FC93DDDB46}.Release|Any CPU.Build.0 = Release|Any CPU
	EndGlobalSection
	GlobalSection(SolutionProperties) = preSolution
		HideSolutionNode = FALSE
	EndGlobalSection
	GlobalSection(ExtensibilityGlobals) = postSolution
		SolutionGuid = {CC4502B7-A092-47E0-8437-4874586C5868}
	EndGlobalSection
EndGlobal
